// !$*UTF8*$!
{
	archiveVersion = 1;
	classes = {
	};
	objectVersion = 48;
	objects = {

/* Begin PBXBuildFile section */
		503BB8541FB4778300F08F6A /* EmployeesController.swift in Sources */ = {isa = PBXBuildFile; fileRef = 503BB8531FB4778300F08F6A /* EmployeesController.swift */; };
		503BB8571FB50AD600F08F6A /* UIViewController+Helpers.swift in Sources */ = {isa = PBXBuildFile; fileRef = 503BB8561FB50AD600F08F6A /* UIViewController+Helpers.swift */; };
		503BB8591FB50C1200F08F6A /* CreateEmployeeController.swift in Sources */ = {isa = PBXBuildFile; fileRef = 503BB8581FB50C1200F08F6A /* CreateEmployeeController.swift */; };
		507645E41FB8063C00F10CDE /* CompaniesAutoUpdateController.swift in Sources */ = {isa = PBXBuildFile; fileRef = 507645E31FB8063C00F10CDE /* CompaniesAutoUpdateController.swift */; };
		507645E81FB82C9100F10CDE /* Service.swift in Sources */ = {isa = PBXBuildFile; fileRef = 507645E71FB82C9100F10CDE /* Service.swift */; };
		50B0F52C1FB1DD610072A414 /* CompanyCell.swift in Sources */ = {isa = PBXBuildFile; fileRef = 50B0F52B1FB1DD610072A414 /* CompanyCell.swift */; };
		50B0F52F1FB1EB7C0072A414 /* CompaniesController+CreateCompany.swift in Sources */ = {isa = PBXBuildFile; fileRef = 50B0F52E1FB1EB7C0072A414 /* CompaniesController+CreateCompany.swift */; };
		50B0F5311FB1EC320072A414 /* CompaniesController+UITableView.swift in Sources */ = {isa = PBXBuildFile; fileRef = 50B0F5301FB1EC320072A414 /* CompaniesController+UITableView.swift */; };
		50C914961FB6E1D800EA7925 /* EmployeeType.swift in Sources */ = {isa = PBXBuildFile; fileRef = 50C914951FB6E1D800EA7925 /* EmployeeType.swift */; };
		50D09DF31FA9F71400D9906E /* IntermediateTrainingModels.xcdatamodeld in Sources */ = {isa = PBXBuildFile; fileRef = 50D09DF11FA9F71400D9906E /* IntermediateTrainingModels.xcdatamodeld */; };
		50D09DF51FA9FD6C00D9906E /* CoreDataManager.swift in Sources */ = {isa = PBXBuildFile; fileRef = 50D09DF41FA9FD6C00D9906E /* CoreDataManager.swift */; };
		50D2447A1FA8B1E000896BC5 /* AppDelegate.swift in Sources */ = {isa = PBXBuildFile; fileRef = 50D244791FA8B1E000896BC5 /* AppDelegate.swift */; };
		50D2447C1FA8B1E000896BC5 /* CompaniesController.swift in Sources */ = {isa = PBXBuildFile; fileRef = 50D2447B1FA8B1E000896BC5 /* CompaniesController.swift */; };
		50D2447F1FA8B1E000896BC5 /* Main.storyboard in Resources */ = {isa = PBXBuildFile; fileRef = 50D2447D1FA8B1E000896BC5 /* Main.storyboard */; };
		50D244811FA8B1E000896BC5 /* Assets.xcassets in Resources */ = {isa = PBXBuildFile; fileRef = 50D244801FA8B1E000896BC5 /* Assets.xcassets */; };
		50D244841FA8B1E000896BC5 /* LaunchScreen.storyboard in Resources */ = {isa = PBXBuildFile; fileRef = 50D244821FA8B1E000896BC5 /* LaunchScreen.storyboard */; };
		50D2448C1FA9D39300896BC5 /* UIColor+theme.swift in Sources */ = {isa = PBXBuildFile; fileRef = 50D2448B1FA9D39300896BC5 /* UIColor+theme.swift */; };
		50D2448E1FA9E02400896BC5 /* Company.swift in Sources */ = {isa = PBXBuildFile; fileRef = 50D2448D1FA9E02400896BC5 /* Company.swift */; };
		50D244901FA9E4E600896BC5 /* CreateCompanyController.swift in Sources */ = {isa = PBXBuildFile; fileRef = 50D2448F1FA9E4E600896BC5 /* CreateCompanyController.swift */; };
/* End PBXBuildFile section */

/* Begin PBXFileReference section */
		503BB8531FB4778300F08F6A /* EmployeesController.swift */ = {isa = PBXFileReference; lastKnownFileType = sourcecode.swift; path = EmployeesController.swift; sourceTree = "<group>"; };
		503BB8561FB50AD600F08F6A /* UIViewController+Helpers.swift */ = {isa = PBXFileReference; lastKnownFileType = sourcecode.swift; path = "UIViewController+Helpers.swift"; sourceTree = "<group>"; };
		503BB8581FB50C1200F08F6A /* CreateEmployeeController.swift */ = {isa = PBXFileReference; lastKnownFileType = sourcecode.swift; path = CreateEmployeeController.swift; sourceTree = "<group>"; };
		507645E31FB8063C00F10CDE /* CompaniesAutoUpdateController.swift */ = {isa = PBXFileReference; lastKnownFileType = sourcecode.swift; path = CompaniesAutoUpdateController.swift; sourceTree = "<group>"; };
		507645E71FB82C9100F10CDE /* Service.swift */ = {isa = PBXFileReference; lastKnownFileType = sourcecode.swift; path = Service.swift; sourceTree = "<group>"; };
		507645E91FB88B5900F10CDE /* IntermediateTrainingModels_v1.1.xcdatamodel */ = {isa = PBXFileReference; lastKnownFileType = wrapper.xcdatamodel; path = IntermediateTrainingModels_v1.1.xcdatamodel; sourceTree = "<group>"; };
		50B0F52B1FB1DD610072A414 /* CompanyCell.swift */ = {isa = PBXFileReference; lastKnownFileType = sourcecode.swift; path = CompanyCell.swift; sourceTree = "<group>"; };
		50B0F52E1FB1EB7C0072A414 /* CompaniesController+CreateCompany.swift */ = {isa = PBXFileReference; lastKnownFileType = sourcecode.swift; path = "CompaniesController+CreateCompany.swift"; sourceTree = "<group>"; };
		50B0F5301FB1EC320072A414 /* CompaniesController+UITableView.swift */ = {isa = PBXFileReference; lastKnownFileType = sourcecode.swift; path = "CompaniesController+UITableView.swift"; sourceTree = "<group>"; };
		50C914951FB6E1D800EA7925 /* EmployeeType.swift */ = {isa = PBXFileReference; lastKnownFileType = sourcecode.swift; path = EmployeeType.swift; sourceTree = "<group>"; };
		50D09DF21FA9F71400D9906E /* IntermediateTrainingModels.xcdatamodel */ = {isa = PBXFileReference; lastKnownFileType = wrapper.xcdatamodel; path = IntermediateTrainingModels.xcdatamodel; sourceTree = "<group>"; };
		50D09DF41FA9FD6C00D9906E /* CoreDataManager.swift */ = {isa = PBXFileReference; lastKnownFileType = sourcecode.swift; path = CoreDataManager.swift; sourceTree = "<group>"; };
		50D244761FA8B1E000896BC5 /* IntermediateTraining.app */ = {isa = PBXFileReference; explicitFileType = wrapper.application; includeInIndex = 0; path = IntermediateTraining.app; sourceTree = BUILT_PRODUCTS_DIR; };
		50D244791FA8B1E000896BC5 /* AppDelegate.swift */ = {isa = PBXFileReference; lastKnownFileType = sourcecode.swift; path = AppDelegate.swift; sourceTree = "<group>"; };
		50D2447B1FA8B1E000896BC5 /* CompaniesController.swift */ = {isa = PBXFileReference; lastKnownFileType = sourcecode.swift; path = CompaniesController.swift; sourceTree = "<group>"; };
		50D2447E1FA8B1E000896BC5 /* Base */ = {isa = PBXFileReference; lastKnownFileType = file.storyboard; name = Base; path = Base.lproj/Main.storyboard; sourceTree = "<group>"; };
		50D244801FA8B1E000896BC5 /* Assets.xcassets */ = {isa = PBXFileReference; lastKnownFileType = folder.assetcatalog; path = Assets.xcassets; sourceTree = "<group>"; };
		50D244831FA8B1E000896BC5 /* Base */ = {isa = PBXFileReference; lastKnownFileType = file.storyboard; name = Base; path = Base.lproj/LaunchScreen.storyboard; sourceTree = "<group>"; };
		50D244851FA8B1E000896BC5 /* Info.plist */ = {isa = PBXFileReference; lastKnownFileType = text.plist.xml; path = Info.plist; sourceTree = "<group>"; };
		50D2448B1FA9D39300896BC5 /* UIColor+theme.swift */ = {isa = PBXFileReference; lastKnownFileType = sourcecode.swift; path = "UIColor+theme.swift"; sourceTree = "<group>"; };
		50D2448D1FA9E02400896BC5 /* Company.swift */ = {isa = PBXFileReference; lastKnownFileType = sourcecode.swift; path = Company.swift; sourceTree = "<group>"; };
		50D2448F1FA9E4E600896BC5 /* CreateCompanyController.swift */ = {isa = PBXFileReference; lastKnownFileType = sourcecode.swift; path = CreateCompanyController.swift; sourceTree = "<group>"; };
/* End PBXFileReference section */

/* Begin PBXFrameworksBuildPhase section */
		50D244731FA8B1E000896BC5 /* Frameworks */ = {
			isa = PBXFrameworksBuildPhase;
			buildActionMask = 2147483647;
			files = (
			);
			runOnlyForDeploymentPostprocessing = 0;
		};
/* End PBXFrameworksBuildPhase section */

/* Begin PBXGroup section */
		503BB8551FB50ABC00F08F6A /* Helpers */ = {
			isa = PBXGroup;
			children = (
				503BB8561FB50AD600F08F6A /* UIViewController+Helpers.swift */,
			);
			path = Helpers;
			sourceTree = "<group>";
		};
		50B0F52D1FB1DE7E0072A414 /* Companies */ = {
			isa = PBXGroup;
			children = (
				50C985681FB5ECC000EFB335 /* Employees */,
				50B0F5301FB1EC320072A414 /* CompaniesController+UITableView.swift */,
				50B0F52E1FB1EB7C0072A414 /* CompaniesController+CreateCompany.swift */,
				50B0F52B1FB1DD610072A414 /* CompanyCell.swift */,
				50D2447B1FA8B1E000896BC5 /* CompaniesController.swift */,
				50D2448F1FA9E4E600896BC5 /* CreateCompanyController.swift */,
				507645E31FB8063C00F10CDE /* CompaniesAutoUpdateController.swift */,
				507645E71FB82C9100F10CDE /* Service.swift */,
			);
			path = Companies;
			sourceTree = "<group>";
		};
		50C985681FB5ECC000EFB335 /* Employees */ = {
			isa = PBXGroup;
			children = (
				503BB8581FB50C1200F08F6A /* CreateEmployeeController.swift */,
				503BB8531FB4778300F08F6A /* EmployeesController.swift */,
				50C914951FB6E1D800EA7925 /* EmployeeType.swift */,
			);
			path = Employees;
			sourceTree = "<group>";
		};
		50D2446D1FA8B1E000896BC5 = {
			isa = PBXGroup;
			children = (
				50D244781FA8B1E000896BC5 /* IntermediateTraining */,
				50D244771FA8B1E000896BC5 /* Products */,
			);
			sourceTree = "<group>";
		};
		50D244771FA8B1E000896BC5 /* Products */ = {
			isa = PBXGroup;
			children = (
				50D244761FA8B1E000896BC5 /* IntermediateTraining.app */,
			);
			name = Products;
			sourceTree = "<group>";
		};
		50D244781FA8B1E000896BC5 /* IntermediateTraining */ = {
			isa = PBXGroup;
			children = (
				503BB8551FB50ABC00F08F6A /* Helpers */,
				50B0F52D1FB1DE7E0072A414 /* Companies */,
				50D244791FA8B1E000896BC5 /* AppDelegate.swift */,
				50D09DF11FA9F71400D9906E /* IntermediateTrainingModels.xcdatamodeld */,
				50D09DF41FA9FD6C00D9906E /* CoreDataManager.swift */,
				50D2448D1FA9E02400896BC5 /* Company.swift */,
				50D2448B1FA9D39300896BC5 /* UIColor+theme.swift */,
				50D2447D1FA8B1E000896BC5 /* Main.storyboard */,
				50D244801FA8B1E000896BC5 /* Assets.xcassets */,
				50D244821FA8B1E000896BC5 /* LaunchScreen.storyboard */,
				50D244851FA8B1E000896BC5 /* Info.plist */,
			);
			path = IntermediateTraining;
			sourceTree = "<group>";
		};
/* End PBXGroup section */

/* Begin PBXNativeTarget section */
		50D244751FA8B1E000896BC5 /* IntermediateTraining */ = {
			isa = PBXNativeTarget;
			buildConfigurationList = 50D244881FA8B1E000896BC5 /* Build configuration list for PBXNativeTarget "IntermediateTraining" */;
			buildPhases = (
				50D244721FA8B1E000896BC5 /* Sources */,
				50D244731FA8B1E000896BC5 /* Frameworks */,
				50D244741FA8B1E000896BC5 /* Resources */,
			);
			buildRules = (
			);
			dependencies = (
			);
			name = IntermediateTraining;
			productName = IntermediateTraining;
			productReference = 50D244761FA8B1E000896BC5 /* IntermediateTraining.app */;
			productType = "com.apple.product-type.application";
		};
/* End PBXNativeTarget section */

/* Begin PBXProject section */
		50D2446E1FA8B1E000896BC5 /* Project object */ = {
			isa = PBXProject;
			attributes = {
				LastSwiftUpdateCheck = 0900;
				LastUpgradeCheck = 0900;
				ORGANIZATIONNAME = "Christopher Lee";
				TargetAttributes = {
					50D244751FA8B1E000896BC5 = {
						CreatedOnToolsVersion = 9.0.1;
						ProvisioningStyle = Automatic;
					};
				};
			};
			buildConfigurationList = 50D244711FA8B1E000896BC5 /* Build configuration list for PBXProject "IntermediateTraining" */;
			compatibilityVersion = "Xcode 8.0";
			developmentRegion = en;
			hasScannedForEncodings = 0;
			knownRegions = (
				en,
				Base,
			);
			mainGroup = 50D2446D1FA8B1E000896BC5;
			productRefGroup = 50D244771FA8B1E000896BC5 /* Products */;
			projectDirPath = "";
			projectRoot = "";
			targets = (
				50D244751FA8B1E000896BC5 /* IntermediateTraining */,
			);
		};
/* End PBXProject section */

/* Begin PBXResourcesBuildPhase section */
		50D244741FA8B1E000896BC5 /* Resources */ = {
			isa = PBXResourcesBuildPhase;
			buildActionMask = 2147483647;
			files = (
				50D244841FA8B1E000896BC5 /* LaunchScreen.storyboard in Resources */,
				50D244811FA8B1E000896BC5 /* Assets.xcassets in Resources */,
				50D2447F1FA8B1E000896BC5 /* Main.storyboard in Resources */,
			);
			runOnlyForDeploymentPostprocessing = 0;
		};
/* End PBXResourcesBuildPhase section */

/* Begin PBXSourcesBuildPhase section */
		50D244721FA8B1E000896BC5 /* Sources */ = {
			isa = PBXSourcesBuildPhase;
			buildActionMask = 2147483647;
			files = (
				50B0F52F1FB1EB7C0072A414 /* CompaniesController+CreateCompany.swift in Sources */,
				50D2448C1FA9D39300896BC5 /* UIColor+theme.swift in Sources */,
				50D2447C1FA8B1E000896BC5 /* CompaniesController.swift in Sources */,
				50D244901FA9E4E600896BC5 /* CreateCompanyController.swift in Sources */,
				503BB8571FB50AD600F08F6A /* UIViewController+Helpers.swift in Sources */,
				50B0F52C1FB1DD610072A414 /* CompanyCell.swift in Sources */,
				50B0F5311FB1EC320072A414 /* CompaniesController+UITableView.swift in Sources */,
				50C914961FB6E1D800EA7925 /* EmployeeType.swift in Sources */,
				503BB8591FB50C1200F08F6A /* CreateEmployeeController.swift in Sources */,
				507645E81FB82C9100F10CDE /* Service.swift in Sources */,
				503BB8541FB4778300F08F6A /* EmployeesController.swift in Sources */,
				50D2447A1FA8B1E000896BC5 /* AppDelegate.swift in Sources */,
				507645E41FB8063C00F10CDE /* CompaniesAutoUpdateController.swift in Sources */,
				50D09DF31FA9F71400D9906E /* IntermediateTrainingModels.xcdatamodeld in Sources */,
				50D09DF51FA9FD6C00D9906E /* CoreDataManager.swift in Sources */,
				50D2448E1FA9E02400896BC5 /* Company.swift in Sources */,
			);
			runOnlyForDeploymentPostprocessing = 0;
		};
/* End PBXSourcesBuildPhase section */

/* Begin PBXVariantGroup section */
		50D2447D1FA8B1E000896BC5 /* Main.storyboard */ = {
			isa = PBXVariantGroup;
			children = (
				50D2447E1FA8B1E000896BC5 /* Base */,
			);
			name = Main.storyboard;
			sourceTree = "<group>";
		};
		50D244821FA8B1E000896BC5 /* LaunchScreen.storyboard */ = {
			isa = PBXVariantGroup;
			children = (
				50D244831FA8B1E000896BC5 /* Base */,
			);
			name = LaunchScreen.storyboard;
			sourceTree = "<group>";
		};
/* End PBXVariantGroup section */

/* Begin XCBuildConfiguration section */
		50D244861FA8B1E000896BC5 /* Debug */ = {
			isa = XCBuildConfiguration;
			buildSettings = {
				ALWAYS_SEARCH_USER_PATHS = NO;
				CLANG_ANALYZER_NONNULL = YES;
				CLANG_ANALYZER_NUMBER_OBJECT_CONVERSION = YES_AGGRESSIVE;
				CLANG_CXX_LANGUAGE_STANDARD = "gnu++14";
				CLANG_CXX_LIBRARY = "libc++";
				CLANG_ENABLE_MODULES = YES;
				CLANG_ENABLE_OBJC_ARC = YES;
				CLANG_WARN_BLOCK_CAPTURE_AUTORELEASING = YES;
				CLANG_WARN_BOOL_CONVERSION = YES;
				CLANG_WARN_COMMA = YES;
				CLANG_WARN_CONSTANT_CONVERSION = YES;
				CLANG_WARN_DIRECT_OBJC_ISA_USAGE = YES_ERROR;
				CLANG_WARN_DOCUMENTATION_COMMENTS = YES;
				CLANG_WARN_EMPTY_BODY = YES;
				CLANG_WARN_ENUM_CONVERSION = YES;
				CLANG_WARN_INFINITE_RECURSION = YES;
				CLANG_WARN_INT_CONVERSION = YES;
				CLANG_WARN_NON_LITERAL_NULL_CONVERSION = YES;
				CLANG_WARN_OBJC_LITERAL_CONVERSION = YES;
				CLANG_WARN_OBJC_ROOT_CLASS = YES_ERROR;
				CLANG_WARN_RANGE_LOOP_ANALYSIS = YES;
				CLANG_WARN_STRICT_PROTOTYPES = YES;
				CLANG_WARN_SUSPICIOUS_MOVE = YES;
				CLANG_WARN_UNGUARDED_AVAILABILITY = YES_AGGRESSIVE;
				CLANG_WARN_UNREACHABLE_CODE = YES;
				CLANG_WARN__DUPLICATE_METHOD_MATCH = YES;
				CODE_SIGN_IDENTITY = "iPhone Developer";
				COPY_PHASE_STRIP = NO;
				DEBUG_INFORMATION_FORMAT = dwarf;
				ENABLE_STRICT_OBJC_MSGSEND = YES;
				ENABLE_TESTABILITY = YES;
				GCC_C_LANGUAGE_STANDARD = gnu11;
				GCC_DYNAMIC_NO_PIC = NO;
				GCC_NO_COMMON_BLOCKS = YES;
				GCC_OPTIMIZATION_LEVEL = 0;
				GCC_PREPROCESSOR_DEFINITIONS = (
					"DEBUG=1",
					"$(inherited)",
				);
				GCC_WARN_64_TO_32_BIT_CONVERSION = YES;
				GCC_WARN_ABOUT_RETURN_TYPE = YES_ERROR;
				GCC_WARN_UNDECLARED_SELECTOR = YES;
				GCC_WARN_UNINITIALIZED_AUTOS = YES_AGGRESSIVE;
				GCC_WARN_UNUSED_FUNCTION = YES;
				GCC_WARN_UNUSED_VARIABLE = YES;
				IPHONEOS_DEPLOYMENT_TARGET = 11.0;
				MTL_ENABLE_DEBUG_INFO = YES;
				ONLY_ACTIVE_ARCH = YES;
				SDKROOT = iphoneos;
				SWIFT_ACTIVE_COMPILATION_CONDITIONS = DEBUG;
				SWIFT_OPTIMIZATION_LEVEL = "-Onone";
			};
			name = Debug;
		};
		50D244871FA8B1E000896BC5 /* Release */ = {
			isa = XCBuildConfiguration;
			buildSettings = {
				ALWAYS_SEARCH_USER_PATHS = NO;
				CLANG_ANALYZER_NONNULL = YES;
				CLANG_ANALYZER_NUMBER_OBJECT_CONVERSION = YES_AGGRESSIVE;
				CLANG_CXX_LANGUAGE_STANDARD = "gnu++14";
				CLANG_CXX_LIBRARY = "libc++";
				CLANG_ENABLE_MODULES = YES;
				CLANG_ENABLE_OBJC_ARC = YES;
				CLANG_WARN_BLOCK_CAPTURE_AUTORELEASING = YES;
				CLANG_WARN_BOOL_CONVERSION = YES;
				CLANG_WARN_COMMA = YES;
				CLANG_WARN_CONSTANT_CONVERSION = YES;
				CLANG_WARN_DIRECT_OBJC_ISA_USAGE = YES_ERROR;
				CLANG_WARN_DOCUMENTATION_COMMENTS = YES;
				CLANG_WARN_EMPTY_BODY = YES;
				CLANG_WARN_ENUM_CONVERSION = YES;
				CLANG_WARN_INFINITE_RECURSION = YES;
				CLANG_WARN_INT_CONVERSION = YES;
				CLANG_WARN_NON_LITERAL_NULL_CONVERSION = YES;
				CLANG_WARN_OBJC_LITERAL_CONVERSION = YES;
				CLANG_WARN_OBJC_ROOT_CLASS = YES_ERROR;
				CLANG_WARN_RANGE_LOOP_ANALYSIS = YES;
				CLANG_WARN_STRICT_PROTOTYPES = YES;
				CLANG_WARN_SUSPICIOUS_MOVE = YES;
				CLANG_WARN_UNGUARDED_AVAILABILITY = YES_AGGRESSIVE;
				CLANG_WARN_UNREACHABLE_CODE = YES;
				CLANG_WARN__DUPLICATE_METHOD_MATCH = YES;
				CODE_SIGN_IDENTITY = "iPhone Developer";
				COPY_PHASE_STRIP = NO;
				DEBUG_INFORMATION_FORMAT = "dwarf-with-dsym";
				ENABLE_NS_ASSERTIONS = NO;
				ENABLE_STRICT_OBJC_MSGSEND = YES;
				GCC_C_LANGUAGE_STANDARD = gnu11;
				GCC_NO_COMMON_BLOCKS = YES;
				GCC_WARN_64_TO_32_BIT_CONVERSION = YES;
				GCC_WARN_ABOUT_RETURN_TYPE = YES_ERROR;
				GCC_WARN_UNDECLARED_SELECTOR = YES;
				GCC_WARN_UNINITIALIZED_AUTOS = YES_AGGRESSIVE;
				GCC_WARN_UNUSED_FUNCTION = YES;
				GCC_WARN_UNUSED_VARIABLE = YES;
				IPHONEOS_DEPLOYMENT_TARGET = 11.0;
				MTL_ENABLE_DEBUG_INFO = NO;
				SDKROOT = iphoneos;
				SWIFT_OPTIMIZATION_LEVEL = "-Owholemodule";
				VALIDATE_PRODUCT = YES;
			};
			name = Release;
		};
		50D244891FA8B1E000896BC5 /* Debug */ = {
			isa = XCBuildConfiguration;
			buildSettings = {
				ASSETCATALOG_COMPILER_APPICON_NAME = AppIcon;
				CODE_SIGN_STYLE = Automatic;
				DEVELOPMENT_TEAM = TCJZB3N6X7;
				INFOPLIST_FILE = IntermediateTraining/Info.plist;
				LD_RUNPATH_SEARCH_PATHS = "$(inherited) @executable_path/Frameworks";
				PRODUCT_BUNDLE_IDENTIFIER = LeeChristopher.IntermediateTraining;
				PRODUCT_NAME = "$(TARGET_NAME)";
				SWIFT_VERSION = 4.0;
				TARGETED_DEVICE_FAMILY = "1,2";
			};
			name = Debug;
		};
		50D2448A1FA8B1E000896BC5 /* Release */ = {
			isa = XCBuildConfiguration;
			buildSettings = {
				ASSETCATALOG_COMPILER_APPICON_NAME = AppIcon;
				CODE_SIGN_STYLE = Automatic;
				DEVELOPMENT_TEAM = TCJZB3N6X7;
				INFOPLIST_FILE = IntermediateTraining/Info.plist;
				LD_RUNPATH_SEARCH_PATHS = "$(inherited) @executable_path/Frameworks";
				PRODUCT_BUNDLE_IDENTIFIER = LeeChristopher.IntermediateTraining;
				PRODUCT_NAME = "$(TARGET_NAME)";
				SWIFT_VERSION = 4.0;
				TARGETED_DEVICE_FAMILY = "1,2";
			};
			name = Release;
		};
/* End XCBuildConfiguration section */

/* Begin XCConfigurationList section */
		50D244711FA8B1E000896BC5 /* Build configuration list for PBXProject "IntermediateTraining" */ = {
			isa = XCConfigurationList;
			buildConfigurations = (
				50D244861FA8B1E000896BC5 /* Debug */,
				50D244871FA8B1E000896BC5 /* Release */,
			);
			defaultConfigurationIsVisible = 0;
			defaultConfigurationName = Release;
		};
		50D244881FA8B1E000896BC5 /* Build configuration list for PBXNativeTarget "IntermediateTraining" */ = {
			isa = XCConfigurationList;
			buildConfigurations = (
				50D244891FA8B1E000896BC5 /* Debug */,
				50D2448A1FA8B1E000896BC5 /* Release */,
			);
			defaultConfigurationIsVisible = 0;
			defaultConfigurationName = Release;
		};
/* End XCConfigurationList section */

/* Begin XCVersionGroup section */
		50D09DF11FA9F71400D9906E /* IntermediateTrainingModels.xcdatamodeld */ = {
			isa = XCVersionGroup;
			children = (
				507645E91FB88B5900F10CDE /* IntermediateTrainingModels_v1.1.xcdatamodel */,
				50D09DF21FA9F71400D9906E /* IntermediateTrainingModels.xcdatamodel */,
			);
			currentVersion = 507645E91FB88B5900F10CDE /* IntermediateTrainingModels_v1.1.xcdatamodel */;
			path = IntermediateTrainingModels.xcdatamodeld;
			sourceTree = "<group>";
			versionGroupType = wrapper.xcdatamodel;
		};
/* End XCVersionGroup section */
	};
	rootObject = 50D2446E1FA8B1E000896BC5 /* Project object */;
}
